// !$*UTF8*$!
{
	archiveVersion = 1;
	classes = {
	};
	objectVersion = 46;
	objects = {

/* Begin PBXBuildFile section */
		EB76CD121EA1A99E97930BC7 /* Pods_MockAlamofireTests.framework in Frameworks */ = {isa = PBXBuildFile; fileRef = 47762DB8BDCEF1735D554672 /* Pods_MockAlamofireTests.framework */; };
		EC2D54391E52ADA50033E722 /* AppDelegate.swift in Sources */ = {isa = PBXBuildFile; fileRef = EC2D54381E52ADA50033E722 /* AppDelegate.swift */; };
		EC2D543B1E52ADA50033E722 /* ViewController.swift in Sources */ = {isa = PBXBuildFile; fileRef = EC2D543A1E52ADA50033E722 /* ViewController.swift */; };
		EC2D543E1E52ADA50033E722 /* Main.storyboard in Resources */ = {isa = PBXBuildFile; fileRef = EC2D543C1E52ADA50033E722 /* Main.storyboard */; };
		EC2D54401E52ADA50033E722 /* Assets.xcassets in Resources */ = {isa = PBXBuildFile; fileRef = EC2D543F1E52ADA50033E722 /* Assets.xcassets */; };
		EC2D54431E52ADA50033E722 /* LaunchScreen.storyboard in Resources */ = {isa = PBXBuildFile; fileRef = EC2D54411E52ADA50033E722 /* LaunchScreen.storyboard */; };
		EC2D544E1E52ADA50033E722 /* MockAlamofireTests.swift in Sources */ = {isa = PBXBuildFile; fileRef = EC2D544D1E52ADA50033E722 /* MockAlamofireTests.swift */; };
		EC2D545D1E52AEF80033E722 /* Alamofire.framework in Frameworks */ = {isa = PBXBuildFile; fileRef = EC2D545C1E52AEF80033E722 /* Alamofire.framework */; };
		EC2D545E1E52AF090033E722 /* MockingProtocol.swift in Sources */ = {isa = PBXBuildFile; fileRef = EC2D54591E52AEA80033E722 /* MockingProtocol.swift */; };
		EC2D545F1E52AF0A0033E722 /* MockingProtocol.swift in Sources */ = {isa = PBXBuildFile; fileRef = EC2D54591E52AEA80033E722 /* MockingProtocol.swift */; };
		EC2D54611E52AFAD0033E722 /* Mocks.swift in Sources */ = {isa = PBXBuildFile; fileRef = EC2D54601E52AFAD0033E722 /* Mocks.swift */; };
		EC2D54621E52AFAD0033E722 /* Mocks.swift in Sources */ = {isa = PBXBuildFile; fileRef = EC2D54601E52AFAD0033E722 /* Mocks.swift */; };
		EC2D54641E52AFFC0033E722 /* RequestManager.swift in Sources */ = {isa = PBXBuildFile; fileRef = EC2D54631E52AFFC0033E722 /* RequestManager.swift */; };
		EC2D54651E52AFFC0033E722 /* RequestManager.swift in Sources */ = {isa = PBXBuildFile; fileRef = EC2D54631E52AFFC0033E722 /* RequestManager.swift */; };
		EEE9CBEEB1774424F17D6E02 /* Pods_MockAlamofire.framework in Frameworks */ = {isa = PBXBuildFile; fileRef = 002A2585DB8978E75C8029DC /* Pods_MockAlamofire.framework */; };
/* End PBXBuildFile section */

/* Begin PBXContainerItemProxy section */
		EC2D544A1E52ADA50033E722 /* PBXContainerItemProxy */ = {
			isa = PBXContainerItemProxy;
			containerPortal = EC2D542D1E52ADA50033E722 /* Project object */;
			proxyType = 1;
			remoteGlobalIDString = EC2D54341E52ADA50033E722;
			remoteInfo = MockAlamofire;
		};
/* End PBXContainerItemProxy section */

/* Begin PBXFileReference section */
		002A2585DB8978E75C8029DC /* Pods_MockAlamofire.framework */ = {isa = PBXFileReference; explicitFileType = wrapper.framework; includeInIndex = 0; path = Pods_MockAlamofire.framework; sourceTree = BUILT_PRODUCTS_DIR; };
		0F4F6F1BBD08D42323F22975 /* Pods-MockAlamofire.debug.xcconfig */ = {isa = PBXFileReference; includeInIndex = 1; lastKnownFileType = text.xcconfig; name = "Pods-MockAlamofire.debug.xcconfig"; path = "Pods/Target Support Files/Pods-MockAlamofire/Pods-MockAlamofire.debug.xcconfig"; sourceTree = "<group>"; };
		47762DB8BDCEF1735D554672 /* Pods_MockAlamofireTests.framework */ = {isa = PBXFileReference; explicitFileType = wrapper.framework; includeInIndex = 0; path = Pods_MockAlamofireTests.framework; sourceTree = BUILT_PRODUCTS_DIR; };
		67696F231E524F437E04CD32 /* Pods-MockAlamofireTests.debug.xcconfig */ = {isa = PBXFileReference; includeInIndex = 1; lastKnownFileType = text.xcconfig; name = "Pods-MockAlamofireTests.debug.xcconfig"; path = "Pods/Target Support Files/Pods-MockAlamofireTests/Pods-MockAlamofireTests.debug.xcconfig"; sourceTree = "<group>"; };
		7B0179A683B8D996BD7E143E /* Pods-MockAlamofireTests.release.xcconfig */ = {isa = PBXFileReference; includeInIndex = 1; lastKnownFileType = text.xcconfig; name = "Pods-MockAlamofireTests.release.xcconfig"; path = "Pods/Target Support Files/Pods-MockAlamofireTests/Pods-MockAlamofireTests.release.xcconfig"; sourceTree = "<group>"; };
		834C0072DFA5B2FB24A96705 /* Pods-MockAlamofire.release.xcconfig */ = {isa = PBXFileReference; includeInIndex = 1; lastKnownFileType = text.xcconfig; name = "Pods-MockAlamofire.release.xcconfig"; path = "Pods/Target Support Files/Pods-MockAlamofire/Pods-MockAlamofire.release.xcconfig"; sourceTree = "<group>"; };
		EC2D54351E52ADA50033E722 /* MockAlamofire.app */ = {isa = PBXFileReference; explicitFileType = wrapper.application; includeInIndex = 0; path = MockAlamofire.app; sourceTree = BUILT_PRODUCTS_DIR; };
		EC2D54381E52ADA50033E722 /* AppDelegate.swift */ = {isa = PBXFileReference; lastKnownFileType = sourcecode.swift; path = AppDelegate.swift; sourceTree = "<group>"; };
		EC2D543A1E52ADA50033E722 /* ViewController.swift */ = {isa = PBXFileReference; lastKnownFileType = sourcecode.swift; path = ViewController.swift; sourceTree = "<group>"; };
		EC2D543D1E52ADA50033E722 /* Base */ = {isa = PBXFileReference; lastKnownFileType = file.storyboard; name = Base; path = Base.lproj/Main.storyboard; sourceTree = "<group>"; };
		EC2D543F1E52ADA50033E722 /* Assets.xcassets */ = {isa = PBXFileReference; lastKnownFileType = folder.assetcatalog; path = Assets.xcassets; sourceTree = "<group>"; };
		EC2D54421E52ADA50033E722 /* Base */ = {isa = PBXFileReference; lastKnownFileType = file.storyboard; name = Base; path = Base.lproj/LaunchScreen.storyboard; sourceTree = "<group>"; };
		EC2D54441E52ADA50033E722 /* Info.plist */ = {isa = PBXFileReference; lastKnownFileType = text.plist.xml; path = Info.plist; sourceTree = "<group>"; };
		EC2D54491E52ADA50033E722 /* MockAlamofireTests.xctest */ = {isa = PBXFileReference; explicitFileType = wrapper.cfbundle; includeInIndex = 0; path = MockAlamofireTests.xctest; sourceTree = BUILT_PRODUCTS_DIR; };
		EC2D544D1E52ADA50033E722 /* MockAlamofireTests.swift */ = {isa = PBXFileReference; lastKnownFileType = sourcecode.swift; path = MockAlamofireTests.swift; sourceTree = "<group>"; };
		EC2D544F1E52ADA50033E722 /* Info.plist */ = {isa = PBXFileReference; lastKnownFileType = text.plist.xml; path = Info.plist; sourceTree = "<group>"; };
		EC2D54591E52AEA80033E722 /* MockingProtocol.swift */ = {isa = PBXFileReference; fileEncoding = 4; lastKnownFileType = sourcecode.swift; path = MockingProtocol.swift; sourceTree = "<group>"; };
		EC2D545C1E52AEF80033E722 /* Alamofire.framework */ = {isa = PBXFileReference; lastKnownFileType = wrapper.framework; name = Alamofire.framework; path = "../../Library/Developer/Xcode/DerivedData/MockAlamofire-cfyxwldwpmqidmcumoforcqdxmsy/Build/Products/Debug-iphonesimulator/Alamofire/Alamofire.framework"; sourceTree = "<group>"; };
		EC2D54601E52AFAD0033E722 /* Mocks.swift */ = {isa = PBXFileReference; fileEncoding = 4; lastKnownFileType = sourcecode.swift; path = Mocks.swift; sourceTree = "<group>"; };
		EC2D54631E52AFFC0033E722 /* RequestManager.swift */ = {isa = PBXFileReference; fileEncoding = 4; lastKnownFileType = sourcecode.swift; path = RequestManager.swift; sourceTree = "<group>"; };
/* End PBXFileReference section */

/* Begin PBXFrameworksBuildPhase section */
		EC2D54321E52ADA50033E722 /* Frameworks */ = {
			isa = PBXFrameworksBuildPhase;
			buildActionMask = 2147483647;
			files = (
				EC2D545D1E52AEF80033E722 /* Alamofire.framework in Frameworks */,
				EEE9CBEEB1774424F17D6E02 /* Pods_MockAlamofire.framework in Frameworks */,
			);
			runOnlyForDeploymentPostprocessing = 0;
		};
		EC2D54461E52ADA50033E722 /* Frameworks */ = {
			isa = PBXFrameworksBuildPhase;
			buildActionMask = 2147483647;
			files = (
				EB76CD121EA1A99E97930BC7 /* Pods_MockAlamofireTests.framework in Frameworks */,
			);
			runOnlyForDeploymentPostprocessing = 0;
		};
/* End PBXFrameworksBuildPhase section */

/* Begin PBXGroup section */
		E22C0218C8A02558C6AE1D4B /* Pods */ = {
			isa = PBXGroup;
			children = (
				0F4F6F1BBD08D42323F22975 /* Pods-MockAlamofire.debug.xcconfig */,
				834C0072DFA5B2FB24A96705 /* Pods-MockAlamofire.release.xcconfig */,
				67696F231E524F437E04CD32 /* Pods-MockAlamofireTests.debug.xcconfig */,
				7B0179A683B8D996BD7E143E /* Pods-MockAlamofireTests.release.xcconfig */,
			);
			name = Pods;
			sourceTree = "<group>";
		};
		EC2D542C1E52ADA50033E722 = {
			isa = PBXGroup;
			children = (
				EC2D54371E52ADA50033E722 /* MockAlamofire */,
				EC2D544C1E52ADA50033E722 /* MockAlamofireTests */,
				EC2D54361E52ADA50033E722 /* Products */,
				E22C0218C8A02558C6AE1D4B /* Pods */,
				F54BE696E0EB31C4A52F67FD /* Frameworks */,
			);
			sourceTree = "<group>";
		};
		EC2D54361E52ADA50033E722 /* Products */ = {
			isa = PBXGroup;
			children = (
				EC2D54351E52ADA50033E722 /* MockAlamofire.app */,
				EC2D54491E52ADA50033E722 /* MockAlamofireTests.xctest */,
			);
			name = Products;
			sourceTree = "<group>";
		};
		EC2D54371E52ADA50033E722 /* MockAlamofire */ = {
			isa = PBXGroup;
			children = (
				EC2D54581E52AE4B0033E722 /* Mocks */,
				EC2D54381E52ADA50033E722 /* AppDelegate.swift */,
				EC2D54631E52AFFC0033E722 /* RequestManager.swift */,
				EC2D543A1E52ADA50033E722 /* ViewController.swift */,
				EC2D543C1E52ADA50033E722 /* Main.storyboard */,
				EC2D543F1E52ADA50033E722 /* Assets.xcassets */,
				EC2D54411E52ADA50033E722 /* LaunchScreen.storyboard */,
				EC2D54441E52ADA50033E722 /* Info.plist */,
			);
			path = MockAlamofire;
			sourceTree = "<group>";
		};
		EC2D544C1E52ADA50033E722 /* MockAlamofireTests */ = {
			isa = PBXGroup;
			children = (
				EC2D544D1E52ADA50033E722 /* MockAlamofireTests.swift */,
				EC2D544F1E52ADA50033E722 /* Info.plist */,
			);
			path = MockAlamofireTests;
			sourceTree = "<group>";
		};
		EC2D54581E52AE4B0033E722 /* Mocks */ = {
			isa = PBXGroup;
			children = (
				EC2D54591E52AEA80033E722 /* MockingProtocol.swift */,
				EC2D54601E52AFAD0033E722 /* Mocks.swift */,
			);
			name = Mocks;
			sourceTree = "<group>";
		};
		F54BE696E0EB31C4A52F67FD /* Frameworks */ = {
			isa = PBXGroup;
			children = (
				EC2D545C1E52AEF80033E722 /* Alamofire.framework */,
				002A2585DB8978E75C8029DC /* Pods_MockAlamofire.framework */,
				47762DB8BDCEF1735D554672 /* Pods_MockAlamofireTests.framework */,
			);
			name = Frameworks;
			sourceTree = "<group>";
		};
/* End PBXGroup section */

/* Begin PBXNativeTarget section */
		EC2D54341E52ADA50033E722 /* MockAlamofire */ = {
			isa = PBXNativeTarget;
			buildConfigurationList = EC2D54521E52ADA50033E722 /* Build configuration list for PBXNativeTarget "MockAlamofire" */;
			buildPhases = (
				F98C4C45004C4193B0D0D824 /* [CP] Check Pods Manifest.lock */,
				EC2D54311E52ADA50033E722 /* Sources */,
				EC2D54321E52ADA50033E722 /* Frameworks */,
				EC2D54331E52ADA50033E722 /* Resources */,
				B2575EC96248431B1A559E66 /* [CP] Embed Pods Frameworks */,
				064153DACFABD225654DD56E /* [CP] Copy Pods Resources */,
			);
			buildRules = (
			);
			dependencies = (
			);
			name = MockAlamofire;
			productName = MockAlamofire;
			productReference = EC2D54351E52ADA50033E722 /* MockAlamofire.app */;
			productType = "com.apple.product-type.application";
		};
		EC2D54481E52ADA50033E722 /* MockAlamofireTests */ = {
			isa = PBXNativeTarget;
			buildConfigurationList = EC2D54551E52ADA50033E722 /* Build configuration list for PBXNativeTarget "MockAlamofireTests" */;
			buildPhases = (
				D1AF31B7623ABC12A85AFACA /* [CP] Check Pods Manifest.lock */,
				EC2D54451E52ADA50033E722 /* Sources */,
				EC2D54461E52ADA50033E722 /* Frameworks */,
				EC2D54471E52ADA50033E722 /* Resources */,
				F9776E814D69A80F5616997B /* [CP] Embed Pods Frameworks */,
				479484C2D75F588D08BDE479 /* [CP] Copy Pods Resources */,
			);
			buildRules = (
			);
			dependencies = (
				EC2D544B1E52ADA50033E722 /* PBXTargetDependency */,
			);
			name = MockAlamofireTests;
			productName = MockAlamofireTests;
			productReference = EC2D54491E52ADA50033E722 /* MockAlamofireTests.xctest */;
			productType = "com.apple.product-type.bundle.unit-test";
		};
/* End PBXNativeTarget section */

/* Begin PBXProject section */
		EC2D542D1E52ADA50033E722 /* Project object */ = {
			isa = PBXProject;
			attributes = {
				LastSwiftUpdateCheck = 0810;
				LastUpgradeCheck = 0820;
				ORGANIZATIONNAME = Velaru;
				TargetAttributes = {
					EC2D54341E52ADA50033E722 = {
						CreatedOnToolsVersion = 8.1;
						DevelopmentTeam = U4U5EF5UUY;
						ProvisioningStyle = Automatic;
					};
					EC2D54481E52ADA50033E722 = {
						CreatedOnToolsVersion = 8.1;
						DevelopmentTeam = 3B6HCC9SG8;
						ProvisioningStyle = Automatic;
						TestTargetID = EC2D54341E52ADA50033E722;
					};
				};
			};
			buildConfigurationList = EC2D54301E52ADA50033E722 /* Build configuration list for PBXProject "MockAlamofire" */;
			compatibilityVersion = "Xcode 3.2";
			developmentRegion = English;
			hasScannedForEncodings = 0;
			knownRegions = (
				en,
				Base,
			);
			mainGroup = EC2D542C1E52ADA50033E722;
			productRefGroup = EC2D54361E52ADA50033E722 /* Products */;
			projectDirPath = "";
			projectRoot = "";
			targets = (
				EC2D54341E52ADA50033E722 /* MockAlamofire */,
				EC2D54481E52ADA50033E722 /* MockAlamofireTests */,
			);
		};
/* End PBXProject section */

/* Begin PBXResourcesBuildPhase section */
		EC2D54331E52ADA50033E722 /* Resources */ = {
			isa = PBXResourcesBuildPhase;
			buildActionMask = 2147483647;
			files = (
				EC2D54431E52ADA50033E722 /* LaunchScreen.storyboard in Resources */,
				EC2D54401E52ADA50033E722 /* Assets.xcassets in Resources */,
				EC2D543E1E52ADA50033E722 /* Main.storyboard in Resources */,
			);
			runOnlyForDeploymentPostprocessing = 0;
		};
		EC2D54471E52ADA50033E722 /* Resources */ = {
			isa = PBXResourcesBuildPhase;
			buildActionMask = 2147483647;
			files = (
			);
			runOnlyForDeploymentPostprocessing = 0;
		};
/* End PBXResourcesBuildPhase section */

/* Begin PBXShellScriptBuildPhase section */
		064153DACFABD225654DD56E /* [CP] Copy Pods Resources */ = {
			isa = PBXShellScriptBuildPhase;
			buildActionMask = 2147483647;
			files = (
			);
			inputPaths = (
			);
			name = "[CP] Copy Pods Resources";
			outputPaths = (
			);
			runOnlyForDeploymentPostprocessing = 0;
			shellPath = /bin/sh;
			shellScript = "\"${SRCROOT}/Pods/Target Support Files/Pods-MockAlamofire/Pods-MockAlamofire-resources.sh\"\n";
			showEnvVarsInLog = 0;
		};
		479484C2D75F588D08BDE479 /* [CP] Copy Pods Resources */ = {
			isa = PBXShellScriptBuildPhase;
			buildActionMask = 2147483647;
			files = (
			);
			inputPaths = (
			);
			name = "[CP] Copy Pods Resources";
			outputPaths = (
			);
			runOnlyForDeploymentPostprocessing = 0;
			shellPath = /bin/sh;
			shellScript = "\"${SRCROOT}/Pods/Target Support Files/Pods-MockAlamofireTests/Pods-MockAlamofireTests-resources.sh\"\n";
			showEnvVarsInLog = 0;
		};
		B2575EC96248431B1A559E66 /* [CP] Embed Pods Frameworks */ = {
			isa = PBXShellScriptBuildPhase;
			buildActionMask = 2147483647;
			files = (
			);
			inputPaths = (
			);
			name = "[CP] Embed Pods Frameworks";
			outputPaths = (
			);
			runOnlyForDeploymentPostprocessing = 0;
			shellPath = /bin/sh;
			shellScript = "\"${SRCROOT}/Pods/Target Support Files/Pods-MockAlamofire/Pods-MockAlamofire-frameworks.sh\"\n";
			showEnvVarsInLog = 0;
		};
		D1AF31B7623ABC12A85AFACA /* [CP] Check Pods Manifest.lock */ = {
			isa = PBXShellScriptBuildPhase;
			buildActionMask = 2147483647;
			files = (
			);
			inputPaths = (
			);
			name = "[CP] Check Pods Manifest.lock";
			outputPaths = (
			);
			runOnlyForDeploymentPostprocessing = 0;
			shellPath = /bin/sh;
			shellScript = "diff \"${PODS_ROOT}/../Podfile.lock\" \"${PODS_ROOT}/Manifest.lock\" > /dev/null\nif [ $? != 0 ] ; then\n    # print error to STDERR\n    echo \"error: The sandbox is not in sync with the Podfile.lock. Run 'pod install' or update your CocoaPods installation.\" >&2\n    exit 1\nfi\n";
			showEnvVarsInLog = 0;
		};
		F9776E814D69A80F5616997B /* [CP] Embed Pods Frameworks */ = {
			isa = PBXShellScriptBuildPhase;
			buildActionMask = 2147483647;
			files = (
			);
			inputPaths = (
			);
			name = "[CP] Embed Pods Frameworks";
			outputPaths = (
			);
			runOnlyForDeploymentPostprocessing = 0;
			shellPath = /bin/sh;
			shellScript = "\"${SRCROOT}/Pods/Target Support Files/Pods-MockAlamofireTests/Pods-MockAlamofireTests-frameworks.sh\"\n";
			showEnvVarsInLog = 0;
		};
		F98C4C45004C4193B0D0D824 /* [CP] Check Pods Manifest.lock */ = {
			isa = PBXShellScriptBuildPhase;
			buildActionMask = 2147483647;
			files = (
			);
			inputPaths = (
			);
			name = "[CP] Check Pods Manifest.lock";
			outputPaths = (
			);
			runOnlyForDeploymentPostprocessing = 0;
			shellPath = /bin/sh;
			shellScript = "diff \"${PODS_ROOT}/../Podfile.lock\" \"${PODS_ROOT}/Manifest.lock\" > /dev/null\nif [ $? != 0 ] ; then\n    # print error to STDERR\n    echo \"error: The sandbox is not in sync with the Podfile.lock. Run 'pod install' or update your CocoaPods installation.\" >&2\n    exit 1\nfi\n";
			showEnvVarsInLog = 0;
		};
/* End PBXShellScriptBuildPhase section */

/* Begin PBXSourcesBuildPhase section */
		EC2D54311E52ADA50033E722 /* Sources */ = {
			isa = PBXSourcesBuildPhase;
			buildActionMask = 2147483647;
			files = (
				EC2D54641E52AFFC0033E722 /* RequestManager.swift in Sources */,
				EC2D543B1E52ADA50033E722 /* ViewController.swift in Sources */,
				EC2D545E1E52AF090033E722 /* MockingProtocol.swift in Sources */,
				EC2D54391E52ADA50033E722 /* AppDelegate.swift in Sources */,
				EC2D54611E52AFAD0033E722 /* Mocks.swift in Sources */,
			);
			runOnlyForDeploymentPostprocessing = 0;
		};
		EC2D54451E52ADA50033E722 /* Sources */ = {
			isa = PBXSourcesBuildPhase;
			buildActionMask = 2147483647;
			files = (
				EC2D545F1E52AF0A0033E722 /* MockingProtocol.swift in Sources */,
				EC2D544E1E52ADA50033E722 /* MockAlamofireTests.swift in Sources */,
				EC2D54621E52AFAD0033E722 /* Mocks.swift in Sources */,
				EC2D54651E52AFFC0033E722 /* RequestManager.swift in Sources */,
			);
			runOnlyForDeploymentPostprocessing = 0;
		};
/* End PBXSourcesBuildPhase section */

/* Begin PBXTargetDependency section */
		EC2D544B1E52ADA50033E722 /* PBXTargetDependency */ = {
			isa = PBXTargetDependency;
			target = EC2D54341E52ADA50033E722 /* MockAlamofire */;
			targetProxy = EC2D544A1E52ADA50033E722 /* PBXContainerItemProxy */;
		};
/* End PBXTargetDependency section */

/* Begin PBXVariantGroup section */
		EC2D543C1E52ADA50033E722 /* Main.storyboard */ = {
			isa = PBXVariantGroup;
			children = (
				EC2D543D1E52ADA50033E722 /* Base */,
			);
			name = Main.storyboard;
			sourceTree = "<group>";
		};
		EC2D54411E52ADA50033E722 /* LaunchScreen.storyboard */ = {
			isa = PBXVariantGroup;
			children = (
				EC2D54421E52ADA50033E722 /* Base */,
			);
			name = LaunchScreen.storyboard;
			sourceTree = "<group>";
		};
/* End PBXVariantGroup section */

/* Begin XCBuildConfiguration section */
		EC2D54501E52ADA50033E722 /* Debug */ = {
			isa = XCBuildConfiguration;
			buildSettings = {
				ALWAYS_SEARCH_USER_PATHS = NO;
				CLANG_ANALYZER_NONNULL = YES;
				CLANG_CXX_LANGUAGE_STANDARD = "gnu++0x";
				CLANG_CXX_LIBRARY = "libc++";
				CLANG_ENABLE_MODULES = YES;
				CLANG_ENABLE_OBJC_ARC = YES;
				CLANG_WARN_BOOL_CONVERSION = YES;
				CLANG_WARN_CONSTANT_CONVERSION = YES;
				CLANG_WARN_DIRECT_OBJC_ISA_USAGE = YES_ERROR;
				CLANG_WARN_DOCUMENTATION_COMMENTS = YES;
				CLANG_WARN_EMPTY_BODY = YES;
				CLANG_WARN_ENUM_CONVERSION = YES;
				CLANG_WARN_INFINITE_RECURSION = YES;
				CLANG_WARN_INT_CONVERSION = YES;
				CLANG_WARN_OBJC_ROOT_CLASS = YES_ERROR;
				CLANG_WARN_SUSPICIOUS_MOVE = YES;
				CLANG_WARN_SUSPICIOUS_MOVES = YES;
				CLANG_WARN_UNREACHABLE_CODE = YES;
				CLANG_WARN__DUPLICATE_METHOD_MATCH = YES;
				"CODE_SIGN_IDENTITY[sdk=iphoneos*]" = "iPhone Developer";
				COPY_PHASE_STRIP = NO;
				DEBUG_INFORMATION_FORMAT = dwarf;
				ENABLE_STRICT_OBJC_MSGSEND = YES;
				ENABLE_TESTABILITY = YES;
				GCC_C_LANGUAGE_STANDARD = gnu99;
				GCC_DYNAMIC_NO_PIC = NO;
				GCC_NO_COMMON_BLOCKS = YES;
				GCC_OPTIMIZATION_LEVEL = 0;
				GCC_PREPROCESSOR_DEFINITIONS = (
					"DEBUG=1",
					"$(inherited)",
				);
				GCC_WARN_64_TO_32_BIT_CONVERSION = YES;
				GCC_WARN_ABOUT_RETURN_TYPE = YES_ERROR;
				GCC_WARN_UNDECLARED_SELECTOR = YES;
				GCC_WARN_UNINITIALIZED_AUTOS = YES_AGGRESSIVE;
				GCC_WARN_UNUSED_FUNCTION = YES;
				GCC_WARN_UNUSED_VARIABLE = YES;
				IPHONEOS_DEPLOYMENT_TARGET = 10.1;
				MTL_ENABLE_DEBUG_INFO = YES;
				ONLY_ACTIVE_ARCH = YES;
				SDKROOT = iphoneos;
				SWIFT_ACTIVE_COMPILATION_CONDITIONS = DEBUG;
				SWIFT_OPTIMIZATION_LEVEL = "-Onone";
			};
			name = Debug;
		};
		EC2D54511E52ADA50033E722 /* Release */ = {
			isa = XCBuildConfiguration;
			buildSettings = {
				ALWAYS_SEARCH_USER_PATHS = NO;
				CLANG_ANALYZER_NONNULL = YES;
				CLANG_CXX_LANGUAGE_STANDARD = "gnu++0x";
				CLANG_CXX_LIBRARY = "libc++";
				CLANG_ENABLE_MODULES = YES;
				CLANG_ENABLE_OBJC_ARC = YES;
				CLANG_WARN_BOOL_CONVERSION = YES;
				CLANG_WARN_CONSTANT_CONVERSION = YES;
				CLANG_WARN_DIRECT_OBJC_ISA_USAGE = YES_ERROR;
				CLANG_WARN_DOCUMENTATION_COMMENTS = YES;
				CLANG_WARN_EMPTY_BODY = YES;
				CLANG_WARN_ENUM_CONVERSION = YES;
				CLANG_WARN_INFINITE_RECURSION = YES;
				CLANG_WARN_INT_CONVERSION = YES;
				CLANG_WARN_OBJC_ROOT_CLASS = YES_ERROR;
				CLANG_WARN_SUSPICIOUS_MOVE = YES;
				CLANG_WARN_SUSPICIOUS_MOVES = YES;
				CLANG_WARN_UNREACHABLE_CODE = YES;
				CLANG_WARN__DUPLICATE_METHOD_MATCH = YES;
				"CODE_SIGN_IDENTITY[sdk=iphoneos*]" = "iPhone Developer";
				COPY_PHASE_STRIP = NO;
				DEBUG_INFORMATION_FORMAT = "dwarf-with-dsym";
				ENABLE_NS_ASSERTIONS = NO;
				ENABLE_STRICT_OBJC_MSGSEND = YES;
				GCC_C_LANGUAGE_STANDARD = gnu99;
				GCC_NO_COMMON_BLOCKS = YES;
				GCC_WARN_64_TO_32_BIT_CONVERSION = YES;
				GCC_WARN_ABOUT_RETURN_TYPE = YES_ERROR;
				GCC_WARN_UNDECLARED_SELECTOR = YES;
				GCC_WARN_UNINITIALIZED_AUTOS = YES_AGGRESSIVE;
				GCC_WARN_UNUSED_FUNCTION = YES;
				GCC_WARN_UNUSED_VARIABLE = YES;
				IPHONEOS_DEPLOYMENT_TARGET = 10.1;
				MTL_ENABLE_DEBUG_INFO = NO;
				SDKROOT = iphoneos;
				SWIFT_OPTIMIZATION_LEVEL = "-Owholemodule";
				VALIDATE_PRODUCT = YES;
			};
			name = Release;
		};
		EC2D54531E52ADA50033E722 /* Debug */ = {
			isa = XCBuildConfiguration;
			baseConfigurationReference = 0F4F6F1BBD08D42323F22975 /* Pods-MockAlamofire.debug.xcconfig */;
			buildSettings = {
				ASSETCATALOG_COMPILER_APPICON_NAME = AppIcon;
				DEVELOPMENT_TEAM = U4U5EF5UUY;
				INFOPLIST_FILE = MockAlamofire/Info.plist;
				LD_RUNPATH_SEARCH_PATHS = "$(inherited) @executable_path/Frameworks";
				PRODUCT_BUNDLE_IDENTIFIER = com.velaru.MockAF.MockAlamofire;
				PRODUCT_NAME = "$(TARGET_NAME)";
				SWIFT_VERSION = 3.0;
			};
			name = Debug;
		};
		EC2D54541E52ADA50033E722 /* Release */ = {
			isa = XCBuildConfiguration;
			baseConfigurationReference = 834C0072DFA5B2FB24A96705 /* Pods-MockAlamofire.release.xcconfig */;
			buildSettings = {
				ASSETCATALOG_COMPILER_APPICON_NAME = AppIcon;
				DEVELOPMENT_TEAM = U4U5EF5UUY;
				INFOPLIST_FILE = MockAlamofire/Info.plist;
				LD_RUNPATH_SEARCH_PATHS = "$(inherited) @executable_path/Frameworks";
				PRODUCT_BUNDLE_IDENTIFIER = com.velaru.MockAF.MockAlamofire;
				PRODUCT_NAME = "$(TARGET_NAME)";
				SWIFT_VERSION = 3.0;
			};
			name = Release;
		};
		EC2D54561E52ADA50033E722 /* Debug */ = {
			isa = XCBuildConfiguration;
			baseConfigurationReference = 67696F231E524F437E04CD32 /* Pods-MockAlamofireTests.debug.xcconfig */;
			buildSettings = {
				ALWAYS_EMBED_SWIFT_STANDARD_LIBRARIES = YES;
				BUNDLE_LOADER = "$(TEST_HOST)";
				DEVELOPMENT_TEAM = 3B6HCC9SG8;
				INFOPLIST_FILE = MockAlamofireTests/Info.plist;
				LD_RUNPATH_SEARCH_PATHS = "$(inherited) @executable_path/Frameworks @loader_path/Frameworks";
				PRODUCT_BUNDLE_IDENTIFIER = com.velaru.MockAF.MockAlamofireTests;
				PRODUCT_NAME = "$(TARGET_NAME)";
				SWIFT_VERSION = 3.0;
				TEST_HOST = "$(BUILT_PRODUCTS_DIR)/MockAlamofire.app/MockAlamofire";
			};
			name = Debug;
		};
		EC2D54571E52ADA50033E722 /* Release */ = {
			isa = XCBuildConfiguration;
			baseConfigurationReference = 7B0179A683B8D996BD7E143E /* Pods-MockAlamofireTests.release.xcconfig */;
			buildSettings = {
				ALWAYS_EMBED_SWIFT_STANDARD_LIBRARIES = YES;
				BUNDLE_LOADER = "$(TEST_HOST)";
				DEVELOPMENT_TEAM = 3B6HCC9SG8;
				INFOPLIST_FILE = MockAlamofireTests/Info.plist;
				LD_RUNPATH_SEARCH_PATHS = "$(inherited) @executable_path/Frameworks @loader_path/Frameworks";
				PRODUCT_BUNDLE_IDENTIFIER = com.velaru.MockAF.MockAlamofireTests;
				PRODUCT_NAME = "$(TARGET_NAME)";
				SWIFT_VERSION = 3.0;
				TEST_HOST = "$(BUILT_PRODUCTS_DIR)/MockAlamofire.app/MockAlamofire";
			};
			name = Release;
		};
/* End XCBuildConfiguration section */

/* Begin XCConfigurationList section */
		EC2D54301E52ADA50033E722 /* Build configuration list for PBXProject "MockAlamofire" */ = {
			isa = XCConfigurationList;
			buildConfigurations = (
				EC2D54501E52ADA50033E722 /* Debug */,
				EC2D54511E52ADA50033E722 /* Release */,
			);
			defaultConfigurationIsVisible = 0;
			defaultConfigurationName = Release;
		};
		EC2D54521E52ADA50033E722 /* Build configuration list for PBXNativeTarget "MockAlamofire" */ = {
			isa = XCConfigurationList;
			buildConfigurations = (
				EC2D54531E52ADA50033E722 /* Debug */,
				EC2D54541E52ADA50033E722 /* Release */,
			);
			defaultConfigurationIsVisible = 0;
			defaultConfigurationName = Release;
		};
		EC2D54551E52ADA50033E722 /* Build configuration list for PBXNativeTarget "MockAlamofireTests" */ = {
			isa = XCConfigurationList;
			buildConfigurations = (
				EC2D54561E52ADA50033E722 /* Debug */,
				EC2D54571E52ADA50033E722 /* Release */,
			);
			defaultConfigurationIsVisible = 0;
			defaultConfigurationName = Release;
		};
/* End XCConfigurationList section */
	};
	rootObject = EC2D542D1E52ADA50033E722 /* Project object */;
}
